// !$*UTF8*$!
{
	archiveVersion = 1;
	classes = {
	};
	objectVersion = 46;
	objects = {

/* Begin PBXBuildFile section */
		037360B91C35166200A2F82F /* PCDAppViewController.m in Sources */ = {isa = PBXBuildFile; fileRef = 03A501B41C32CC7F0041D307 /* PCDAppViewController.m */; };
		037360BA1C35166200A2F82F /* AppDelegate.m in Sources */ = {isa = PBXBuildFile; fileRef = 03A501B11C32CC7F0041D307 /* AppDelegate.m */; };
		037360BB1C35166200A2F82F /* main.m in Sources */ = {isa = PBXBuildFile; fileRef = 03A501AE1C32CC7F0041D307 /* main.m */; };
		037360BE1C35166200A2F82F /* LaunchScreen.storyboard in Resources */ = {isa = PBXBuildFile; fileRef = 03A501BB1C32CC7F0041D307 /* LaunchScreen.storyboard */; };
		037360BF1C35166200A2F82F /* Assets.xcassets in Resources */ = {isa = PBXBuildFile; fileRef = 03A501B91C32CC7F0041D307 /* Assets.xcassets */; };
		037360C01C35166200A2F82F /* Main.storyboard in Resources */ = {isa = PBXBuildFile; fileRef = 03A501B61C32CC7F0041D307 /* Main.storyboard */; };
		03A501AF1C32CC7F0041D307 /* main.m in Sources */ = {isa = PBXBuildFile; fileRef = 03A501AE1C32CC7F0041D307 /* main.m */; };
		03A501B21C32CC7F0041D307 /* AppDelegate.m in Sources */ = {isa = PBXBuildFile; fileRef = 03A501B11C32CC7F0041D307 /* AppDelegate.m */; };
		03A501B51C32CC7F0041D307 /* PCDAppViewController.m in Sources */ = {isa = PBXBuildFile; fileRef = 03A501B41C32CC7F0041D307 /* PCDAppViewController.m */; };
		03A501B81C32CC7F0041D307 /* Main.storyboard in Resources */ = {isa = PBXBuildFile; fileRef = 03A501B61C32CC7F0041D307 /* Main.storyboard */; };
		03A501BA1C32CC7F0041D307 /* Assets.xcassets in Resources */ = {isa = PBXBuildFile; fileRef = 03A501B91C32CC7F0041D307 /* Assets.xcassets */; };
		03A501BD1C32CC7F0041D307 /* LaunchScreen.storyboard in Resources */ = {isa = PBXBuildFile; fileRef = 03A501BB1C32CC7F0041D307 /* LaunchScreen.storyboard */; };
/* End PBXBuildFile section */

/* Begin PBXFileReference section */
		037360C41C35166200A2F82F /* Target-ABC.app */ = {isa = PBXFileReference; explicitFileType = wrapper.application; includeInIndex = 0; path = "Target-ABC.app"; sourceTree = BUILT_PRODUCTS_DIR; };
		037360C51C35166700A2F82F /* Target-ABC-Info.plist */ = {isa = PBXFileReference; lastKnownFileType = text.plist.xml; name = "Target-ABC-Info.plist"; path = "/Users/leftshifttech/Desktop/Demos/ParentChildDemo/Target-ABC-Info.plist"; sourceTree = "<absolute>"; };
		03A501AA1C32CC7F0041D307 /* ParentChildDemo.app */ = {isa = PBXFileReference; explicitFileType = wrapper.application; includeInIndex = 0; path = ParentChildDemo.app; sourceTree = BUILT_PRODUCTS_DIR; };
		03A501AE1C32CC7F0041D307 /* main.m */ = {isa = PBXFileReference; lastKnownFileType = sourcecode.c.objc; path = main.m; sourceTree = "<group>"; };
		03A501B01C32CC7F0041D307 /* AppDelegate.h */ = {isa = PBXFileReference; lastKnownFileType = sourcecode.c.h; path = AppDelegate.h; sourceTree = "<group>"; };
		03A501B11C32CC7F0041D307 /* AppDelegate.m */ = {isa = PBXFileReference; lastKnownFileType = sourcecode.c.objc; path = AppDelegate.m; sourceTree = "<group>"; };
		03A501B31C32CC7F0041D307 /* PCDAppViewController.h */ = {isa = PBXFileReference; lastKnownFileType = sourcecode.c.h; path = PCDAppViewController.h; sourceTree = "<group>"; };
		03A501B41C32CC7F0041D307 /* PCDAppViewController.m */ = {isa = PBXFileReference; lastKnownFileType = sourcecode.c.objc; path = PCDAppViewController.m; sourceTree = "<group>"; };
		03A501B71C32CC7F0041D307 /* Base */ = {isa = PBXFileReference; lastKnownFileType = file.storyboard; name = Base; path = Base.lproj/Main.storyboard; sourceTree = "<group>"; };
		03A501B91C32CC7F0041D307 /* Assets.xcassets */ = {isa = PBXFileReference; lastKnownFileType = folder.assetcatalog; path = Assets.xcassets; sourceTree = "<group>"; };
		03A501BC1C32CC7F0041D307 /* Base */ = {isa = PBXFileReference; lastKnownFileType = file.storyboard; name = Base; path = Base.lproj/LaunchScreen.storyboard; sourceTree = "<group>"; };
		03A501BE1C32CC7F0041D307 /* Info.plist */ = {isa = PBXFileReference; lastKnownFileType = text.plist.xml; path = Info.plist; sourceTree = "<group>"; };
/* End PBXFileReference section */

/* Begin PBXFrameworksBuildPhase section */
		037360BC1C35166200A2F82F /* Frameworks */ = {
			isa = PBXFrameworksBuildPhase;
			buildActionMask = 2147483647;
			files = (
			);
			runOnlyForDeploymentPostprocessing = 0;
		};
		03A501A71C32CC7F0041D307 /* Frameworks */ = {
			isa = PBXFrameworksBuildPhase;
			buildActionMask = 2147483647;
			files = (
			);
			runOnlyForDeploymentPostprocessing = 0;
		};
/* End PBXFrameworksBuildPhase section */

/* Begin PBXGroup section */
		03A501A11C32CC7F0041D307 = {
			isa = PBXGroup;
			children = (
				03A501AC1C32CC7F0041D307 /* ParentChildDemo */,
				03A501AB1C32CC7F0041D307 /* Products */,
			);
			sourceTree = "<group>";
		};
		03A501AB1C32CC7F0041D307 /* Products */ = {
			isa = PBXGroup;
			children = (
				03A501AA1C32CC7F0041D307 /* ParentChildDemo.app */,
				037360C41C35166200A2F82F /* Target-ABC.app */,
			);
			name = Products;
			sourceTree = "<group>";
		};
		03A501AC1C32CC7F0041D307 /* ParentChildDemo */ = {
			isa = PBXGroup;
			children = (
				03A501B01C32CC7F0041D307 /* AppDelegate.h */,
				03A501B11C32CC7F0041D307 /* AppDelegate.m */,
				03A501B31C32CC7F0041D307 /* PCDAppViewController.h */,
				03A501B41C32CC7F0041D307 /* PCDAppViewController.m */,
				03A501B61C32CC7F0041D307 /* Main.storyboard */,
				03A501B91C32CC7F0041D307 /* Assets.xcassets */,
				03A501BB1C32CC7F0041D307 /* LaunchScreen.storyboard */,
				037360C51C35166700A2F82F /* Target-ABC-Info.plist */,
				03A501BE1C32CC7F0041D307 /* Info.plist */,
				03A501AD1C32CC7F0041D307 /* Supporting Files */,
			);
			path = ParentChildDemo;
			sourceTree = "<group>";
		};
		03A501AD1C32CC7F0041D307 /* Supporting Files */ = {
			isa = PBXGroup;
			children = (
				03A501AE1C32CC7F0041D307 /* main.m */,
			);
			name = "Supporting Files";
			sourceTree = "<group>";
		};
/* End PBXGroup section */

/* Begin PBXNativeTarget section */
		037360B71C35166200A2F82F /* Target-ABC */ = {
			isa = PBXNativeTarget;
			buildConfigurationList = 037360C11C35166200A2F82F /* Build configuration list for PBXNativeTarget "Target-ABC" */;
			buildPhases = (
				037360B81C35166200A2F82F /* Sources */,
				037360BC1C35166200A2F82F /* Frameworks */,
				037360BD1C35166200A2F82F /* Resources */,
			);
			buildRules = (
			);
			dependencies = (
			);
			name = "Target-ABC";
			productName = ParentChildDemo;
			productReference = 037360C41C35166200A2F82F /* Target-ABC.app */;
			productType = "com.apple.product-type.application";
		};
		03A501A91C32CC7F0041D307 /* ParentChildDemo */ = {
			isa = PBXNativeTarget;
			buildConfigurationList = 03A501C11C32CC7F0041D307 /* Build configuration list for PBXNativeTarget "ParentChildDemo" */;
			buildPhases = (
				03A501A61C32CC7F0041D307 /* Sources */,
				03A501A71C32CC7F0041D307 /* Frameworks */,
				03A501A81C32CC7F0041D307 /* Resources */,
			);
			buildRules = (
			);
			dependencies = (
			);
			name = ParentChildDemo;
			productName = ParentChildDemo;
			productReference = 03A501AA1C32CC7F0041D307 /* ParentChildDemo.app */;
			productType = "com.apple.product-type.application";
		};
/* End PBXNativeTarget section */

/* Begin PBXProject section */
		03A501A21C32CC7F0041D307 /* Project object */ = {
			isa = PBXProject;
			attributes = {
				CLASSPREFIX = PCD;
				LastUpgradeCheck = 0720;
				TargetAttributes = {
					03A501A91C32CC7F0041D307 = {
						CreatedOnToolsVersion = 7.2;
					};
				};
			};
			buildConfigurationList = 03A501A51C32CC7F0041D307 /* Build configuration list for PBXProject "ParentChildDemo" */;
			compatibilityVersion = "Xcode 3.2";
			developmentRegion = English;
			hasScannedForEncodings = 0;
			knownRegions = (
				en,
				Base,
			);
			mainGroup = 03A501A11C32CC7F0041D307;
			productRefGroup = 03A501AB1C32CC7F0041D307 /* Products */;
			projectDirPath = "";
			projectRoot = "";
			targets = (
				03A501A91C32CC7F0041D307 /* ParentChildDemo */,
				037360B71C35166200A2F82F /* Target-ABC */,
			);
		};
/* End PBXProject section */

/* Begin PBXResourcesBuildPhase section */
		037360BD1C35166200A2F82F /* Resources */ = {
			isa = PBXResourcesBuildPhase;
			buildActionMask = 2147483647;
			files = (
				037360BE1C35166200A2F82F /* LaunchScreen.storyboard in Resources */,
				037360BF1C35166200A2F82F /* Assets.xcassets in Resources */,
				037360C01C35166200A2F82F /* Main.storyboard in Resources */,
			);
			runOnlyForDeploymentPostprocessing = 0;
		};
		03A501A81C32CC7F0041D307 /* Resources */ = {
			isa = PBXResourcesBuildPhase;
			buildActionMask = 2147483647;
			files = (
				03A501BD1C32CC7F0041D307 /* LaunchScreen.storyboard in Resources */,
				03A501BA1C32CC7F0041D307 /* Assets.xcassets in Resources */,
				03A501B81C32CC7F0041D307 /* Main.storyboard in Resources */,
			);
			runOnlyForDeploymentPostprocessing = 0;
		};
/* End PBXResourcesBuildPhase section */

/* Begin PBXSourcesBuildPhase section */
		037360B81C35166200A2F82F /* Sources */ = {
			isa = PBXSourcesBuildPhase;
			buildActionMask = 2147483647;
			files = (
				037360B91C35166200A2F82F /* PCDAppViewController.m in Sources */,
				037360BA1C35166200A2F82F /* AppDelegate.m in Sources */,
				037360BB1C35166200A2F82F /* main.m in Sources */,
			);
			runOnlyForDeploymentPostprocessing = 0;
		};
		03A501A61C32CC7F0041D307 /* Sources */ = {
			isa = PBXSourcesBuildPhase;
			buildActionMask = 2147483647;
			files = (
				03A501B51C32CC7F0041D307 /* PCDAppViewController.m in Sources */,
				03A501B21C32CC7F0041D307 /* AppDelegate.m in Sources */,
				03A501AF1C32CC7F0041D307 /* main.m in Sources */,
			);
			runOnlyForDeploymentPostprocessing = 0;
		};
/* End PBXSourcesBuildPhase section */

/* Begin PBXVariantGroup section */
		03A501B61C32CC7F0041D307 /* Main.storyboard */ = {
			isa = PBXVariantGroup;
			children = (
				03A501B71C32CC7F0041D307 /* Base */,
			);
			name = Main.storyboard;
			sourceTree = "<group>";
		};
		03A501BB1C32CC7F0041D307 /* LaunchScreen.storyboard */ = {
			isa = PBXVariantGroup;
			children = (
				03A501BC1C32CC7F0041D307 /* Base */,
			);
			name = LaunchScreen.storyboard;
			sourceTree = "<group>";
		};
/* End PBXVariantGroup section */

/* Begin XCBuildConfiguration section */
		037360C21C35166200A2F82F /* Debug */ = {
			isa = XCBuildConfiguration;
			buildSettings = {
				ASSETCATALOG_COMPILER_APPICON_NAME = "Target-ABC";
				INFOPLIST_FILE = "$(SRCROOT)/Target-ABC-Info.plist";
				IPHONEOS_DEPLOYMENT_TARGET = 8.0;
				LD_RUNPATH_SEARCH_PATHS = "$(inherited) @executable_path/Frameworks";
				PRODUCT_BUNDLE_IDENTIFIER = "io.demo.Target-ABC";
				PRODUCT_NAME = "$(TARGET_NAME)";
			};
			name = Debug;
		};
		037360C31C35166200A2F82F /* Release */ = {
			isa = XCBuildConfiguration;
			buildSettings = {
				ASSETCATALOG_COMPILER_APPICON_NAME = "Target-ABC";
				INFOPLIST_FILE = "$(SRCROOT)/Target-ABC-Info.plist";
				IPHONEOS_DEPLOYMENT_TARGET = 8.0;
				LD_RUNPATH_SEARCH_PATHS = "$(inherited) @executable_path/Frameworks";
				PRODUCT_BUNDLE_IDENTIFIER = "io.demo.Target-ABC";
				PRODUCT_NAME = "$(TARGET_NAME)";
			};
			name = Release;
		};
		03A501BF1C32CC7F0041D307 /* Debug */ = {
			isa = XCBuildConfiguration;
			buildSettings = {
				ALWAYS_SEARCH_USER_PATHS = NO;
				CLANG_CXX_LANGUAGE_STANDARD = "gnu++0x";
				CLANG_CXX_LIBRARY = "libc++";
				CLANG_ENABLE_MODULES = YES;
				CLANG_ENABLE_OBJC_ARC = YES;
				CLANG_WARN_BOOL_CONVERSION = YES;
				CLANG_WARN_CONSTANT_CONVERSION = YES;
				CLANG_WARN_DIRECT_OBJC_ISA_USAGE = YES_ERROR;
				CLANG_WARN_EMPTY_BODY = YES;
				CLANG_WARN_ENUM_CONVERSION = YES;
				CLANG_WARN_INT_CONVERSION = YES;
				CLANG_WARN_OBJC_ROOT_CLASS = YES_ERROR;
				CLANG_WARN_UNREACHABLE_CODE = YES;
				CLANG_WARN__DUPLICATE_METHOD_MATCH = YES;
				"CODE_SIGN_IDENTITY[sdk=iphoneos*]" = "iPhone Developer";
				COPY_PHASE_STRIP = NO;
				DEBUG_INFORMATION_FORMAT = dwarf;
				ENABLE_STRICT_OBJC_MSGSEND = YES;
				ENABLE_TESTABILITY = YES;
				GCC_C_LANGUAGE_STANDARD = gnu99;
				GCC_DYNAMIC_NO_PIC = NO;
				GCC_NO_COMMON_BLOCKS = YES;
				GCC_OPTIMIZATION_LEVEL = 0;
				GCC_PREPROCESSOR_DEFINITIONS = (
					"DEBUG=1",
					"$(inherited)",
				);
				GCC_WARN_64_TO_32_BIT_CONVERSION = YES;
				GCC_WARN_ABOUT_RETURN_TYPE = YES_ERROR;
				GCC_WARN_UNDECLARED_SELECTOR = YES;
				GCC_WARN_UNINITIALIZED_AUTOS = YES_AGGRESSIVE;
				GCC_WARN_UNUSED_FUNCTION = YES;
				GCC_WARN_UNUSED_VARIABLE = YES;
				IPHONEOS_DEPLOYMENT_TARGET = 9.2;
				MTL_ENABLE_DEBUG_INFO = YES;
				ONLY_ACTIVE_ARCH = YES;
				SDKROOT = iphoneos;
			};
			name = Debug;
		};
		03A501C01C32CC7F0041D307 /* Release */ = {
			isa = XCBuildConfiguration;
			buildSettings = {
				ALWAYS_SEARCH_USER_PATHS = NO;
				CLANG_CXX_LANGUAGE_STANDARD = "gnu++0x";
				CLANG_CXX_LIBRARY = "libc++";
				CLANG_ENABLE_MODULES = YES;
				CLANG_ENABLE_OBJC_ARC = YES;
				CLANG_WARN_BOOL_CONVERSION = YES;
				CLANG_WARN_CONSTANT_CONVERSION = YES;
				CLANG_WARN_DIRECT_OBJC_ISA_USAGE = YES_ERROR;
				CLANG_WARN_EMPTY_BODY = YES;
				CLANG_WARN_ENUM_CONVERSION = YES;
				CLANG_WARN_INT_CONVERSION = YES;
				CLANG_WARN_OBJC_ROOT_CLASS = YES_ERROR;
				CLANG_WARN_UNREACHABLE_CODE = YES;
				CLANG_WARN__DUPLICATE_METHOD_MATCH = YES;
				"CODE_SIGN_IDENTITY[sdk=iphoneos*]" = "iPhone Developer";
				COPY_PHASE_STRIP = NO;
				DEBUG_INFORMATION_FORMAT = "dwarf-with-dsym";
				ENABLE_NS_ASSERTIONS = NO;
				ENABLE_STRICT_OBJC_MSGSEND = YES;
				GCC_C_LANGUAGE_STANDARD = gnu99;
				GCC_NO_COMMON_BLOCKS = YES;
				GCC_WARN_64_TO_32_BIT_CONVERSION = YES;
				GCC_WARN_ABOUT_RETURN_TYPE = YES_ERROR;
				GCC_WARN_UNDECLARED_SELECTOR = YES;
				GCC_WARN_UNINITIALIZED_AUTOS = YES_AGGRESSIVE;
				GCC_WARN_UNUSED_FUNCTION = YES;
				GCC_WARN_UNUSED_VARIABLE = YES;
				IPHONEOS_DEPLOYMENT_TARGET = 9.2;
				MTL_ENABLE_DEBUG_INFO = NO;
				SDKROOT = iphoneos;
				VALIDATE_PRODUCT = YES;
			};
			name = Release;
		};
		03A501C21C32CC7F0041D307 /* Debug */ = {
			isa = XCBuildConfiguration;
			buildSettings = {
				ASSETCATALOG_COMPILER_APPICON_NAME = AppIcon;
				INFOPLIST_FILE = ParentChildDemo/Info.plist;
				IPHONEOS_DEPLOYMENT_TARGET = 8.0;
				LD_RUNPATH_SEARCH_PATHS = "$(inherited) @executable_path/Frameworks";
				PRODUCT_BUNDLE_IDENTIFIER = io.demo.ParentChildDemo;
				PRODUCT_NAME = "$(TARGET_NAME)";
			};
			name = Debug;
		};
		03A501C31C32CC7F0041D307 /* Release */ = {
			isa = XCBuildConfiguration;
			buildSettings = {
				ASSETCATALOG_COMPILER_APPICON_NAME = AppIcon;
				INFOPLIST_FILE = ParentChildDemo/Info.plist;
				IPHONEOS_DEPLOYMENT_TARGET = 8.0;
				LD_RUNPATH_SEARCH_PATHS = "$(inherited) @executable_path/Frameworks";
				PRODUCT_BUNDLE_IDENTIFIER = io.demo.ParentChildDemo;
				PRODUCT_NAME = "$(TARGET_NAME)";
			};
			name = Release;
		};
/* End XCBuildConfiguration section */

/* Begin XCConfigurationList section */
		037360C11C35166200A2F82F /* Build configuration list for PBXNativeTarget "Target-ABC" */ = {
			isa = XCConfigurationList;
			buildConfigurations = (
				037360C21C35166200A2F82F /* Debug */,
				037360C31C35166200A2F82F /* Release */,
			);
			defaultConfigurationIsVisible = 0;
			defaultConfigurationName = Release;
		};
		03A501A51C32CC7F0041D307 /* Build configuration list for PBXProject "ParentChildDemo" */ = {
			isa = XCConfigurationList;
			buildConfigurations = (
				03A501BF1C32CC7F0041D307 /* Debug */,
				03A501C01C32CC7F0041D307 /* Release */,
			);
			defaultConfigurationIsVisible = 0;
			defaultConfigurationName = Release;
		};
		03A501C11C32CC7F0041D307 /* Build configuration list for PBXNativeTarget "ParentChildDemo" */ = {
			isa = XCConfigurationList;
			buildConfigurations = (
				03A501C21C32CC7F0041D307 /* Debug */,
				03A501C31C32CC7F0041D307 /* Release */,
			);
			defaultConfigurationIsVisible = 0;
			defaultConfigurationName = Release;
		};
/* End XCConfigurationList section */
	};
	rootObject = 03A501A21C32CC7F0041D307 /* Project object */;
}
